# THIS IS AN AUTOGENERATED FILE. DO NOT EDIT THIS FILE DIRECTLY.
# yarn lockfile v1


cross-fetch@^3.1.4:
  version "3.1.4"
  resolved "https://registry.yarnpkg.com/cross-fetch/-/cross-fetch-3.1.4.tgz#9723f3a3a247bf8b89039f3a380a9244e8fa2f39"
  integrity sha512-1eAtFWdIubi6T4XPy6ei9iUFoKpUkIF971QLN8lIvvvwueI65+Nw5haMNKUwfJxabqlIIDODJKGrQ66gxC0PbQ==
  dependencies:
    node-fetch "2.6.1"

meilisearch@^0.22.3:
  version "0.22.3"
  resolved "https://registry.yarnpkg.com/meilisearch/-/meilisearch-0.22.3.tgz#6d8ff0881697f083e1c6179837712e359eb8f0ef"
  integrity sha512-Syocfn586JhD0AoEhiu9x5S9xV0z9WPLEDeNaiGFlqR3JJMVQYj0WR5vZ7ZCj/mCkl1VD0GiOW+NsysPY6bWXg==
  dependencies:
    cross-fetch "^3.1.4"

node-fetch@2.6.1:
  version "2.6.1"
  resolved "https://registry.yarnpkg.com/node-fetch/-/node-fetch-2.6.1.tgz#045bd323631f76ed2e2b55573394416b639a0052"
  integrity sha512-V4aYg89jEoVRxRb2fJdAg8FHvI7cEyYdVAh94HH0UIK8oJxUfkjlDQN9RbMx+bEjP7+ggMiFRprSti032Oipxw==
